
Microsoft Visual Studio Solution File, Format Version 12.00
# Visual Studio Version 16
VisualStudioVersion = 16.0.33130.400
MinimumVisualStudioVersion = 10.0.40219.1
Project("{FAE04EC0-301F-11D3-BF4B-00C04F79EFBC}") = "PhoenixWeb", "PhoenixWeb\PhoenixWeb.csproj", "{A98E4740-B0E6-48B5-BEB8-6EE2A6319408}"
EndProject
Project("{FAE04EC0-301F-11D3-BF4B-00C04F79EFBC}") = "PhoenixComp", "PhoenixCompB\PhoenixComp.csproj", "{A11A3F73-9F9F-4E1C-92B0-8446BE3352D0}"
EndProject
Project("{9A19103F-16F7-4668-BE54-9A1E7A4F7556}") = "PhoenixWebCore", "WebApplication1\PhoenixWebCore.csproj", "{8AA64E50-421D-4ED6-A6EE-D537344E5F3D}"
EndProject
Global
	GlobalSection(SolutionConfigurationPlatforms) = preSolution
		Debug|Any CPU = Debug|Any CPU
		Release|Any CPU = Release|Any CPU
	EndGlobalSection
	GlobalSection(ProjectConfigurationPlatforms) = postSolution
		{A98E4740-B0E6-48B5-BEB8-6EE2A6319408}.Debug|Any CPU.ActiveCfg = Debug|Any CPU
		{A98E4740-B0E6-48B5-BEB8-6EE2A6319408}.Debug|Any CPU.Build.0 = Debug|Any CPU
		{A98E4740-B0E6-48B5-BEB8-6EE2A6319408}.Release|Any CPU.ActiveCfg = Release|Any CPU
		{A98E4740-B0E6-48B5-BEB8-6EE2A6319408}.Release|Any CPU.Build.0 = Release|Any CPU
		{A11A3F73-9F9F-4E1C-92B0-8446BE3352D0}.Debug|Any CPU.ActiveCfg = Debug|Any CPU
		{A11A3F73-9F9F-4E1C-92B0-8446BE3352D0}.Debug|Any CPU.Build.0 = Debug|Any CPU
		{A11A3F73-9F9F-4E1C-92B0-8446BE3352D0}.Release|Any CPU.ActiveCfg = Release|Any CPU
		{A11A3F73-9F9F-4E1C-92B0-8446BE3352D0}.Release|Any CPU.Build.0 = Release|Any CPU
		{8AA64E50-421D-4ED6-A6EE-D537344E5F3D}.Debug|Any CPU.ActiveCfg = Debug|Any CPU
		{8AA64E50-421D-4ED6-A6EE-D537344E5F3D}.Debug|Any CPU.Build.0 = Debug|Any CPU
		{8AA64E50-421D-4ED6-A6EE-D537344E5F3D}.Release|Any CPU.ActiveCfg = Release|Any CPU
		{8AA64E50-421D-4ED6-A6EE-D537344E5F3D}.Release|Any CPU.Build.0 = Release|Any CPU
	EndGlobalSection
	GlobalSection(SolutionProperties) = preSolution
		HideSolutionNode = FALSE
	EndGlobalSection
	GlobalSection(ExtensibilityGlobals) = postSolution
		SolutionGuid = {A3D9BCA2-D01A-4915-ACF5-DFC2C92B3D5B}
	EndGlobalSection
EndGlobal
